<?xml version="1.0" encoding="utf-8"?>
<Project ToolsVersion="4.0" xmlns="http://schemas.microsoft.com/developer/msbuild/2003">
  <ItemGroup>
    <Filter Include="源文件">
      <UniqueIdentifier>{4FC737F1-C7A5-4376-A066-2A32D752A2FF}</UniqueIdentifier>
      <Extensions>cpp;c;cc;cxx;c++;cppm;ixx;def;odl;idl;hpj;bat;asm;asmx</Extensions>
    </Filter>
    <Filter Include="头文件">
      <UniqueIdentifier>{93995380-89BD-4b04-88EB-625FBE52EBFB}</UniqueIdentifier>
      <Extensions>h;hh;hpp;hxx;h++;hm;inl;inc;ipp;xsd</Extensions>
    </Filter>
    <Filter Include="资源文件">
      <UniqueIdentifier>{67DA6AB6-F800-4c08-8B7A-83BB121AAD01}</UniqueIdentifier>
      <Extensions>rc;ico;cur;bmp;dlg;rc2;rct;bin;rgs;gif;jpg;jpeg;jpe;resx;tiff;tif;png;wav;mfcribbon-ms</Extensions>
    </Filter>
  </ItemGroup>
  <ItemGroup>
    <ClInclude Include="BookSystem.h">
      <Filter>头文件</Filter>
    </ClInclude>
    <ClInclude Include="framework.h">
      <Filter>头文件</Filter>
    </ClInclude>
    <ClInclude Include="targetver.h">
      <Filter>头文件</Filter>
    </ClInclude>
    <ClInclude Include="MainFrm.h">
      <Filter>头文件</Filter>
    </ClInclude>
    <ClInclude Include="BookSystemDoc.h">
      <Filter>头文件</Filter>
    </ClInclude>
    <ClInclude Include="BookSystemView.h">
      <Filter>头文件</Filter>
    </ClInclude>
    <ClInclude Include="Resource.h">
      <Filter>头文件</Filter>
    </ClInclude>
    <ClInclude Include="pch.h">
      <Filter>头文件</Filter>
    </ClInclude>
    <ClInclude Include="CLoginDlg.h">
      <Filter>头文件</Filter>
    </ClInclude>
    <ClInclude Include="CSelectView.h">
      <Filter>头文件</Filter>
    </ClInclude>
    <ClInclude Include="CDisplayView.h">
      <Filter>头文件</Filter>
    </ClInclude>
    <ClInclude Include="CUserDlg.h">
      <Filter>头文件</Filter>
    </ClInclude>
    <ClInclude Include="CSearchDlg.h">
      <Filter>头文件</Filter>
    </ClInclude>
    <ClInclude Include="CRestockDlg.h">
      <Filter>头文件</Filter>
    </ClInclude>
    <ClInclude Include="CModifyItemDlg.h">
      <Filter>头文件</Filter>
    </ClInclude>
    <ClInclude Include="CPayDlg.h">
      <Filter>头文件</Filter>
    </ClInclude>
    <ClInclude Include="CPayConfirmDlg.h">
      <Filter>头文件</Filter>
    </ClInclude>
    <ClInclude Include="CBuyDlg.h">
      <Filter>头文件</Filter>
    </ClInclude>
    <ClInclude Include="CBuyConfirmDlg.h">
      <Filter>头文件</Filter>
    </ClInclude>
    <ClInclude Include="CAccountDlg.h">
      <Filter>头文件</Filter>
    </ClInclude>
    <ClInclude Include="COnsaleDlg.h">
      <Filter>头文件</Filter>
    </ClInclude>
    <ClInclude Include="COnsaleConfirm.h">
      <Filter>头文件</Filter>
    </ClInclude>
    <ClInclude Include="CCreateUserDlg.h">
      <Filter>头文件</Filter>
    </ClInclude>
    <ClInclude Include="CModifyPwdDlg.h">
      <Filter>头文件</Filter>
    </ClInclude>
    <ClInclude Include="CSearchTag.h">
      <Filter>头文件</Filter>
    </ClInclude>
  </ItemGroup>
  <ItemGroup>
    <ClCompile Include="BookSystem.cpp">
      <Filter>源文件</Filter>
    </ClCompile>
    <ClCompile Include="MainFrm.cpp">
      <Filter>源文件</Filter>
    </ClCompile>
    <ClCompile Include="BookSystemDoc.cpp">
      <Filter>源文件</Filter>
    </ClCompile>
    <ClCompile Include="BookSystemView.cpp">
      <Filter>源文件</Filter>
    </ClCompile>
    <ClCompile Include="pch.cpp">
      <Filter>源文件</Filter>
    </ClCompile>
    <ClCompile Include="CLoginDlg.cpp">
      <Filter>源文件</Filter>
    </ClCompile>
    <ClCompile Include="CSelectView.cpp">
      <Filter>源文件</Filter>
    </ClCompile>
    <ClCompile Include="CDisplayView.cpp">
      <Filter>源文件</Filter>
    </ClCompile>
    <ClCompile Include="CUserDlg.cpp">
      <Filter>源文件</Filter>
    </ClCompile>
    <ClCompile Include="CSearchDlg.cpp">
      <Filter>源文件</Filter>
    </ClCompile>
    <ClCompile Include="CRestockDlg.cpp">
      <Filter>源文件</Filter>
    </ClCompile>
    <ClCompile Include="CModifyItemDlg.cpp">
      <Filter>源文件</Filter>
    </ClCompile>
    <ClCompile Include="CPayDlg.cpp">
      <Filter>源文件</Filter>
    </ClCompile>
    <ClCompile Include="CPayConfirmDlg.cpp">
      <Filter>源文件</Filter>
    </ClCompile>
    <ClCompile Include="CBuyDlg.cpp">
      <Filter>源文件</Filter>
    </ClCompile>
    <ClCompile Include="CBuyConfirmDlg.cpp">
      <Filter>源文件</Filter>
    </ClCompile>
    <ClCompile Include="CAccountDlg.cpp">
      <Filter>源文件</Filter>
    </ClCompile>
    <ClCompile Include="COnsaleDlg.cpp">
      <Filter>源文件</Filter>
    </ClCompile>
    <ClCompile Include="COnsaleConfirm.cpp">
      <Filter>源文件</Filter>
    </ClCompile>
    <ClCompile Include="CCreateUserDlg.cpp">
      <Filter>源文件</Filter>
    </ClCompile>
    <ClCompile Include="CModifyPwdDlg.cpp">
      <Filter>源文件</Filter>
    </ClCompile>
    <ClCompile Include="CSearchTag.cpp">
      <Filter>源文件</Filter>
    </ClCompile>
  </ItemGroup>
  <ItemGroup>
    <ResourceCompile Include="BookSystem.rc">
      <Filter>资源文件</Filter>
    </ResourceCompile>
  </ItemGroup>
  <ItemGroup>
    <None Include="res\BookSystem.rc2">
      <Filter>资源文件</Filter>
    </None>
  </ItemGroup>
  <ItemGroup>
    <Image Include="res\BookSystemDoc.ico">
      <Filter>资源文件</Filter>
    </Image>
    <Image Include="res\BookSystem.ico">
      <Filter>资源文件</Filter>
    </Image>
    <Image Include="res\icon1.ico">
      <Filter>资源文件</Filter>
    </Image>
    <Image Include="res\1.ico">
      <Filter>资源文件</Filter>
    </Image>
    <Image Include="res\2.ico">
      <Filter>资源文件</Filter>
    </Image>
    <Image Include="res\logo.ico">
      <Filter>资源文件</Filter>
    </Image>
    <Image Include="res\booksearch.ico">
      <Filter>资源文件</Filter>
    </Image>
    <Image Include="res\bill.ico">
      <Filter>资源文件</Filter>
    </Image>
    <Image Include="res\buy.ico">
      <Filter>资源文件</Filter>
    </Image>
    <Image Include="res\onsale.ico">
      <Filter>资源文件</Filter>
    </Image>
    <Image Include="res\pay_refund.ico">
      <Filter>资源文件</Filter>
    </Image>
    <Image Include="res\restock.ico">
      <Filter>资源文件</Filter>
    </Image>
    <Image Include="res\user.ico">
      <Filter>资源文件</Filter>
    </Image>
  </ItemGroup>
</Project>